
Microsoft Visual Studio Solution File, Format Version 12.00
# Visual Studio Version 17
VisualStudioVersion = 17.9.34622.214
MinimumVisualStudioVersion = 10.0.40219.1
Project("{00D1A9C2-B5F0-4AF3-8072-F6C62B433612}") = "devopsdb", "devopsdb.sqlproj", "{F907533C-4C8F-4563-8100-A1DDF8AD426E}"
EndProject
Global
	GlobalSection(SolutionConfigurationPlatforms) = preSolution
		Debug|Any CPU = Debug|Any CPU
		Release|Any CPU = Release|Any CPU
	EndGlobalSection
	GlobalSection(ProjectConfigurationPlatforms) = postSolution
		{F907533C-4C8F-4563-8100-A1DDF8AD426E}.Debug|Any CPU.ActiveCfg = Debug|Any CPU
		{F907533C-4C8F-4563-8100-A1DDF8AD426E}.Debug|Any CPU.Build.0 = Debug|Any CPU
		{F907533C-4C8F-4563-8100-A1DDF8AD426E}.Debug|Any CPU.Deploy.0 = Debug|Any CPU
		{F907533C-4C8F-4563-8100-A1DDF8AD426E}.Release|Any CPU.ActiveCfg = Release|Any CPU
		{F907533C-4C8F-4563-8100-A1DDF8AD426E}.Release|Any CPU.Build.0 = Release|Any CPU
		{F907533C-4C8F-4563-8100-A1DDF8AD426E}.Release|Any CPU.Deploy.0 = Release|Any CPU
	EndGlobalSection
	GlobalSection(SolutionProperties) = preSolution
		HideSolutionNode = FALSE
	EndGlobalSection
	GlobalSection(ExtensibilityGlobals) = postSolution
		SolutionGuid = {E7DA3D3C-D0D2-4696-86E9-52559444423A}
	EndGlobalSection
EndGlobal
